<Solution>
  <Project Path="StonksAppWithLogs.Core/StonksAppWithLogs.Core.csproj" />
  <Project Path="StonksAppWithLogs.Infrastructure/StonksAppWithLogs.Infrastructure.csproj" />
  <Project Path="StonksAppWithLogs.WebAPI/StonksAppWithLogs.WebAPI.csproj" />
  <Project Path="Tests/Tests.csproj" Id="893e1a50-6c90-4f2e-a06b-a59ddaeff717" />
</Solution>
